
Microsoft Visual Studio Solution File, Format Version 12.00
# Visual Studio 15
VisualStudioVersion = 15.0.26430.16
MinimumVisualStudioVersion = 10.0.40219.1
Project("{FAE04EC0-301F-11D3-BF4B-00C04F79EFBC}") = "RazorEngine.Core", "source\RazorEngine.Core\RazorEngine.Core.csproj", "{D268F86D-2DAB-4329-A75F-3BCF6D5BCDC4}"
EndProject
Project("{2150E333-8FDC-42A3-9474-1A3956D46DE8}") = "Shared", "Shared", "{3BBC422C-2720-487E-B46E-BFED47165373}"
	ProjectSection(SolutionItems) = preProject
		Shared\RazorEngine.Public.snk = Shared\RazorEngine.Public.snk
		Shared\RazorEngine.snk = Shared\RazorEngine.snk
		Shared\SharedAssemblyInfo.cs = Shared\SharedAssemblyInfo.cs
	EndProjectSection
EndProject
Project("{FAE04EC0-301F-11D3-BF4B-00C04F79EFBC}") = "Test.RazorEngine.Core", "test\Test.RazorEngine.Core\Test.RazorEngine.Core.csproj", "{F4F5AB5F-BF81-4C0C-8F2E-68AB02160C4E}"
EndProject
Project("{FAE04EC0-301F-11D3-BF4B-00C04F79EFBC}") = "RazorEngine.Mvc", "source\RazorEngine.Mvc\RazorEngine.Mvc.csproj", "{878A8554-ACF1-4A0B-9BFC-6BD5FC5048C4}"
EndProject
Project("{FAE04EC0-301F-11D3-BF4B-00C04F79EFBC}") = "RazorEngine.Hosts.Console", "source\RazorEngine.Hosts.Console\RazorEngine.Hosts.Console.csproj", "{BC7891A1-8459-4A69-A37C-F40824E28C70}"
EndProject
Project("{2150E333-8FDC-42A3-9474-1A3956D46DE8}") = "src", "src", "{AB84CBF8-2E91-46B4-8803-8CF529CDA7E7}"
EndProject
Project("{2150E333-8FDC-42A3-9474-1A3956D46DE8}") = "test", "test", "{AE7E811A-2B9F-45BC-9752-0FB4D1DEE12D}"
EndProject
Project("{2150E333-8FDC-42A3-9474-1A3956D46DE8}") = "Solution Items", "Solution Items", "{57FF23EF-C0CC-42F2-9CF7-5A468FC50C89}"
	ProjectSection(SolutionItems) = preProject
		..\.travis.yml = ..\.travis.yml
		..\appveyor.yml = ..\appveyor.yml
		..\build.fsx = ..\build.fsx
		..\buildConfig.fsx = ..\buildConfig.fsx
		..\generateDocs.fsx = ..\generateDocs.fsx
		..\paket.dependencies = ..\paket.dependencies
		..\readme.md = ..\readme.md
	EndProjectSection
EndProject
Project("{2150E333-8FDC-42A3-9474-1A3956D46DE8}") = "doc", "doc", "{A9A2DC20-74A8-4F03-8EDB-A0B6B95F7401}"
	ProjectSection(SolutionItems) = preProject
		..\doc\AboutRazor.md = ..\doc\AboutRazor.md
		..\doc\Caching.md = ..\doc\Caching.md
		..\CONTRIBUTING.md = ..\CONTRIBUTING.md
		..\doc\DevelopReadme.md = ..\doc\DevelopReadme.md
		..\doc\Encoding.md = ..\doc\Encoding.md
		..\doc\IntellisenseAndResharper.md = ..\doc\IntellisenseAndResharper.md
		..\doc\Isolation.md = ..\doc\Isolation.md
		..\doc\LICENSE.md = ..\doc\LICENSE.md
		..\doc\ReferenceResolver.md = ..\doc\ReferenceResolver.md
		..\doc\ReleaseNotes.md = ..\doc\ReleaseNotes.md
		..\doc\Roslyn.md = ..\doc\Roslyn.md
		..\doc\TemplateBasics.md = ..\doc\TemplateBasics.md
		..\doc\TemplateManager.md = ..\doc\TemplateManager.md
		..\doc\Upgrading.md = ..\doc\Upgrading.md
	EndProjectSection
EndProject
Project("{2150E333-8FDC-42A3-9474-1A3956D46DE8}") = "templates", "templates", "{47C1804C-3301-4AB6-A14A-30BF72417AA3}"
	ProjectSection(SolutionItems) = preProject
		..\doc\templates\docpage-index.cshtml = ..\doc\templates\docpage-index.cshtml
		..\doc\templates\docpage.cshtml = ..\doc\templates\docpage.cshtml
		..\doc\templates\template-color.tex = ..\doc\templates\template-color.tex
		..\doc\templates\template-math.tex = ..\doc\templates\template-math.tex
		..\doc\templates\template-project.html = ..\doc\templates\template-project.html
		..\doc\templates\template.cshtml = ..\doc\templates\template.cshtml
	EndProjectSection
EndProject
Project("{2150E333-8FDC-42A3-9474-1A3956D46DE8}") = "reference", "reference", "{32977FC4-AC53-4273-97CF-C5FB2212065C}"
	ProjectSection(SolutionItems) = preProject
		..\doc\templates\reference\module.cshtml = ..\doc\templates\reference\module.cshtml
		..\doc\templates\reference\namespaces.cshtml = ..\doc\templates\reference\namespaces.cshtml
		..\doc\templates\reference\part-members.cshtml = ..\doc\templates\reference\part-members.cshtml
		..\doc\templates\reference\part-nested.cshtml = ..\doc\templates\reference\part-nested.cshtml
		..\doc\templates\reference\type.cshtml = ..\doc\templates\reference\type.cshtml
	EndProjectSection
EndProject
Project("{2150E333-8FDC-42A3-9474-1A3956D46DE8}") = "content", "content", "{3AC5DA61-ED58-45FA-975B-4FDB23387B7A}"
	ProjectSection(SolutionItems) = preProject
		..\doc\content\prism.css = ..\doc\content\prism.css
		..\doc\content\prism.js = ..\doc\content\prism.js
		..\doc\content\style.css = ..\doc\content\style.css
		..\doc\content\style.css.bak = ..\doc\content\style.css.bak
		..\doc\content\tips.js = ..\doc\content\tips.js
	EndProjectSection
EndProject
Project("{2150E333-8FDC-42A3-9474-1A3956D46DE8}") = "img", "img", "{CF6DB8E1-2459-4EFC-84D0-BCBB4834DAB8}"
	ProjectSection(SolutionItems) = preProject
		..\doc\content\img\back_to_top.png = ..\doc\content\img\back_to_top.png
		..\doc\content\img\github-blue.png = ..\doc\content\img\github-blue.png
		..\doc\content\img\github.png = ..\doc\content\img\github.png
	EndProjectSection
EndProject
Project("{2150E333-8FDC-42A3-9474-1A3956D46DE8}") = "nuget", "nuget", "{77852C68-A0DB-4644-A1B4-17E101DFE9B1}"
	ProjectSection(SolutionItems) = preProject
		..\nuget\RazorEngine-razor4.nuspec = ..\nuget\RazorEngine-razor4.nuspec
		..\nuget\RazorEngine.nuspec = ..\nuget\RazorEngine.nuspec
	EndProjectSection
EndProject
Project("{FAE04EC0-301F-11D3-BF4B-00C04F79EFBC}") = "Test.RazorEngine.Core.Roslyn", "test\Test.RazorEngine.Core.Roslyn\Test.RazorEngine.Core.Roslyn.csproj", "{7CB02F9F-7E88-448B-A25B-7985058296C5}"
EndProject
Project("{FAE04EC0-301F-11D3-BF4B-00C04F79EFBC}") = "TestHelper", "test\TestHelper\TestHelper.csproj", "{7899C0AE-844D-4A34-B3BC-96819C73EA68}"
EndProject
Project("{FAE04EC0-301F-11D3-BF4B-00C04F79EFBC}") = "TestRunnerHelper", "test\TestRunnerHelper\TestRunnerHelper.csproj", "{6B0E2ECB-01EE-482B-951C-9E0F0D80F030}"
EndProject
Global
	GlobalSection(SolutionConfigurationPlatforms) = preSolution
		Debug|Razor4 = Debug|Razor4
		Release|Razor4 = Release|Razor4
	EndGlobalSection
	GlobalSection(ProjectConfigurationPlatforms) = postSolution
		{D268F86D-2DAB-4329-A75F-3BCF6D5BCDC4}.Debug|Razor4.ActiveCfg = Debug|Razor4
		{D268F86D-2DAB-4329-A75F-3BCF6D5BCDC4}.Debug|Razor4.Build.0 = Debug|Razor4
		{D268F86D-2DAB-4329-A75F-3BCF6D5BCDC4}.Release|Razor4.ActiveCfg = Release|Razor4
		{D268F86D-2DAB-4329-A75F-3BCF6D5BCDC4}.Release|Razor4.Build.0 = Release|Razor4
		{F4F5AB5F-BF81-4C0C-8F2E-68AB02160C4E}.Debug|Razor4.ActiveCfg = Debug|Razor4
		{F4F5AB5F-BF81-4C0C-8F2E-68AB02160C4E}.Debug|Razor4.Build.0 = Debug|Razor4
		{F4F5AB5F-BF81-4C0C-8F2E-68AB02160C4E}.Release|Razor4.ActiveCfg = Release|Razor4
		{F4F5AB5F-BF81-4C0C-8F2E-68AB02160C4E}.Release|Razor4.Build.0 = Release|Razor4
		{878A8554-ACF1-4A0B-9BFC-6BD5FC5048C4}.Debug|Razor4.ActiveCfg = Debug|Razor4
		{878A8554-ACF1-4A0B-9BFC-6BD5FC5048C4}.Debug|Razor4.Build.0 = Debug|Razor4
		{878A8554-ACF1-4A0B-9BFC-6BD5FC5048C4}.Release|Razor4.ActiveCfg = Release|Razor4
		{878A8554-ACF1-4A0B-9BFC-6BD5FC5048C4}.Release|Razor4.Build.0 = Release|Razor4
		{BC7891A1-8459-4A69-A37C-F40824E28C70}.Debug|Razor4.ActiveCfg = Debug|Razor4
		{BC7891A1-8459-4A69-A37C-F40824E28C70}.Debug|Razor4.Build.0 = Debug|Razor4
		{BC7891A1-8459-4A69-A37C-F40824E28C70}.Release|Razor4.ActiveCfg = Release|Razor4
		{BC7891A1-8459-4A69-A37C-F40824E28C70}.Release|Razor4.Build.0 = Release|Razor4
		{7CB02F9F-7E88-448B-A25B-7985058296C5}.Debug|Razor4.ActiveCfg = Debug|Razor4
		{7CB02F9F-7E88-448B-A25B-7985058296C5}.Debug|Razor4.Build.0 = Debug|Razor4
		{7CB02F9F-7E88-448B-A25B-7985058296C5}.Release|Razor4.ActiveCfg = Release|Razor4
		{7CB02F9F-7E88-448B-A25B-7985058296C5}.Release|Razor4.Build.0 = Release|Razor4
		{7899C0AE-844D-4A34-B3BC-96819C73EA68}.Debug|Razor4.ActiveCfg = Debug|Razor4
		{7899C0AE-844D-4A34-B3BC-96819C73EA68}.Debug|Razor4.Build.0 = Debug|Razor4
		{7899C0AE-844D-4A34-B3BC-96819C73EA68}.Release|Razor4.ActiveCfg = Release|Razor4
		{7899C0AE-844D-4A34-B3BC-96819C73EA68}.Release|Razor4.Build.0 = Release|Razor4
		{6B0E2ECB-01EE-482B-951C-9E0F0D80F030}.Debug|Razor4.ActiveCfg = Debug|Razor4
		{6B0E2ECB-01EE-482B-951C-9E0F0D80F030}.Debug|Razor4.Build.0 = Debug|Razor4
		{6B0E2ECB-01EE-482B-951C-9E0F0D80F030}.Release|Razor4.ActiveCfg = Release|Razor4
		{6B0E2ECB-01EE-482B-951C-9E0F0D80F030}.Release|Razor4.Build.0 = Release|Razor4
	EndGlobalSection
	GlobalSection(SolutionProperties) = preSolution
		HideSolutionNode = FALSE
	EndGlobalSection
	GlobalSection(NestedProjects) = preSolution
		{D268F86D-2DAB-4329-A75F-3BCF6D5BCDC4} = {AB84CBF8-2E91-46B4-8803-8CF529CDA7E7}
		{F4F5AB5F-BF81-4C0C-8F2E-68AB02160C4E} = {AE7E811A-2B9F-45BC-9752-0FB4D1DEE12D}
		{878A8554-ACF1-4A0B-9BFC-6BD5FC5048C4} = {AB84CBF8-2E91-46B4-8803-8CF529CDA7E7}
		{BC7891A1-8459-4A69-A37C-F40824E28C70} = {AB84CBF8-2E91-46B4-8803-8CF529CDA7E7}
		{A9A2DC20-74A8-4F03-8EDB-A0B6B95F7401} = {57FF23EF-C0CC-42F2-9CF7-5A468FC50C89}
		{47C1804C-3301-4AB6-A14A-30BF72417AA3} = {A9A2DC20-74A8-4F03-8EDB-A0B6B95F7401}
		{32977FC4-AC53-4273-97CF-C5FB2212065C} = {47C1804C-3301-4AB6-A14A-30BF72417AA3}
		{3AC5DA61-ED58-45FA-975B-4FDB23387B7A} = {A9A2DC20-74A8-4F03-8EDB-A0B6B95F7401}
		{CF6DB8E1-2459-4EFC-84D0-BCBB4834DAB8} = {3AC5DA61-ED58-45FA-975B-4FDB23387B7A}
		{77852C68-A0DB-4644-A1B4-17E101DFE9B1} = {57FF23EF-C0CC-42F2-9CF7-5A468FC50C89}
		{7CB02F9F-7E88-448B-A25B-7985058296C5} = {AE7E811A-2B9F-45BC-9752-0FB4D1DEE12D}
		{7899C0AE-844D-4A34-B3BC-96819C73EA68} = {AE7E811A-2B9F-45BC-9752-0FB4D1DEE12D}
		{6B0E2ECB-01EE-482B-951C-9E0F0D80F030} = {AE7E811A-2B9F-45BC-9752-0FB4D1DEE12D}
	EndGlobalSection
	GlobalSection(ExtensibilityGlobals) = postSolution
		SolutionGuid = {87BAAA5F-5CFE-4284-91D8-C3C5F4083599}
		EnterpriseLibraryConfigurationToolBinariesPath = packages\Unity.2.1.505.0\lib\NET35
	EndGlobalSection
EndGlobal
